
Microsoft Visual Studio Solution File, Format Version 12.00
# Visual Studio Version 17
VisualStudioVersion = 17.2.32516.85
MinimumVisualStudioVersion = 10.0.40219.1
Project("{FAE04EC0-301F-11D3-BF4B-00C04F79EFBC}") = "May23Homework", "May23Homework\May23Homework.csproj", "{81C46E3E-4297-40C5-93A4-2959FCB86EBF}"
EndProject
Global
	GlobalSection(SolutionConfigurationPlatforms) = preSolution
		Debug|Any CPU = Debug|Any CPU
		Release|Any CPU = Release|Any CPU
	EndGlobalSection
	GlobalSection(ProjectConfigurationPlatforms) = postSolution
		{81C46E3E-4297-40C5-93A4-2959FCB86EBF}.Debug|Any CPU.ActiveCfg = Debug|Any CPU
		{81C46E3E-4297-40C5-93A4-2959FCB86EBF}.Debug|Any CPU.Build.0 = Debug|Any CPU
		{81C46E3E-4297-40C5-93A4-2959FCB86EBF}.Release|Any CPU.ActiveCfg = Release|Any CPU
		{81C46E3E-4297-40C5-93A4-2959FCB86EBF}.Release|Any CPU.Build.0 = Release|Any CPU
	EndGlobalSection
	GlobalSection(SolutionProperties) = preSolution
		HideSolutionNode = FALSE
	EndGlobalSection
	GlobalSection(ExtensibilityGlobals) = postSolution
		SolutionGuid = {8FD1A070-B943-4F74-AB14-E2CBC6BC7DD9}
	EndGlobalSection
EndGlobal
